
Microsoft Visual Studio Solution File, Format Version 12.00
# Visual Studio Version 17
VisualStudioVersion = 17.0.32014.148
MinimumVisualStudioVersion = 10.0.40219.1
Project("{FAE04EC0-301F-11D3-BF4B-00C04F79EFBC}") = "OpenWeatherMapAPIExercise", "OpenWeatherMapAPIExercise\OpenWeatherMapAPIExercise.csproj", "{5362BB24-4423-495F-86C7-29F968277A53}"
EndProject
Global
	GlobalSection(SolutionConfigurationPlatforms) = preSolution
		Debug|Any CPU = Debug|Any CPU
		Release|Any CPU = Release|Any CPU
	EndGlobalSection
	GlobalSection(ProjectConfigurationPlatforms) = postSolution
		{5362BB24-4423-495F-86C7-29F968277A53}.Debug|Any CPU.ActiveCfg = Debug|Any CPU
		{5362BB24-4423-495F-86C7-29F968277A53}.Debug|Any CPU.Build.0 = Debug|Any CPU
		{5362BB24-4423-495F-86C7-29F968277A53}.Release|Any CPU.ActiveCfg = Release|Any CPU
		{5362BB24-4423-495F-86C7-29F968277A53}.Release|Any CPU.Build.0 = Release|Any CPU
	EndGlobalSection
	GlobalSection(SolutionProperties) = preSolution
		HideSolutionNode = FALSE
	EndGlobalSection
	GlobalSection(ExtensibilityGlobals) = postSolution
		SolutionGuid = {908ED432-79A5-47D8-9868-0C1983D97981}
	EndGlobalSection
EndGlobal
